
Microsoft Visual Studio Solution File, Format Version 12.00
# Visual Studio Version 17
VisualStudioVersion = 17.10.35122.118
MinimumVisualStudioVersion = 10.0.40219.1
Project("{FAE04EC0-301F-11D3-BF4B-00C04F79EFBC}") = "Parameters", "Parameters\Parameters.csproj", "{98818DA2-C117-4D3D-9CD2-97E204DDBACB}"
EndProject
Global
	GlobalSection(SolutionConfigurationPlatforms) = preSolution
		Debug|Any CPU = Debug|Any CPU
		Release|Any CPU = Release|Any CPU
	EndGlobalSection
	GlobalSection(ProjectConfigurationPlatforms) = postSolution
		{98818DA2-C117-4D3D-9CD2-97E204DDBACB}.Debug|Any CPU.ActiveCfg = Debug|Any CPU
		{98818DA2-C117-4D3D-9CD2-97E204DDBACB}.Debug|Any CPU.Build.0 = Debug|Any CPU
		{98818DA2-C117-4D3D-9CD2-97E204DDBACB}.Release|Any CPU.ActiveCfg = Release|Any CPU
		{98818DA2-C117-4D3D-9CD2-97E204DDBACB}.Release|Any CPU.Build.0 = Release|Any CPU
	EndGlobalSection
	GlobalSection(SolutionProperties) = preSolution
		HideSolutionNode = FALSE
	EndGlobalSection
	GlobalSection(ExtensibilityGlobals) = postSolution
		SolutionGuid = {061F0758-4807-404C-A879-823C2AC71E26}
	EndGlobalSection
EndGlobal
